// !$*UTF8*$!
{
	archiveVersion = 1;
	classes = {
	};
	objectVersion = 77;
	objects = {

/* Begin PBXBuildFile section */
		26014B352D9030E600E87831 /* ServiceType.swift in Sources */ = {isa = PBXBuildFile; fileRef = 26014B342D9030E600E87831 /* ServiceType.swift */; };
		266192662D7B2B8C00CFC6D7 /* P2PChatApp.swift in Sources */ = {isa = PBXBuildFile; fileRef = 266192632D7B2B8C00CFC6D7 /* P2PChatApp.swift */; };
		266192672D7B2B8C00CFC6D7 /* Preview Assets.xcassets in Resources */ = {isa = PBXBuildFile; fileRef = 2661925E2D7B2B8C00CFC6D7 /* Preview Assets.xcassets */; };
		266192682D7B2B8C00CFC6D7 /* Assets.xcassets in Resources */ = {isa = PBXBuildFile; fileRef = 266192602D7B2B8C00CFC6D7 /* Assets.xcassets */; };
		2661926B2D7B2BA700CFC6D7 /* Peer.swift in Sources */ = {isa = PBXBuildFile; fileRef = 2661926A2D7B2BA500CFC6D7 /* Peer.swift */; };
		2661926D2D7B3DD500CFC6D7 /* PeerDiscoveryService.swift in Sources */ = {isa = PBXBuildFile; fileRef = 2661926C2D7B3DD500CFC6D7 /* PeerDiscoveryService.swift */; };
		2661926F2D7B3F8400CFC6D7 /* ServiceIdentifier.swift in Sources */ = {isa = PBXBuildFile; fileRef = 2661926E2D7B3F8400CFC6D7 /* ServiceIdentifier.swift */; };
		266192712D7B401400CFC6D7 /* PeerDataTransferService.swift in Sources */ = {isa = PBXBuildFile; fileRef = 266192702D7B401400CFC6D7 /* PeerDataTransferService.swift */; };
		266192742D7B40A100CFC6D7 /* ChatMessageHandler.swift in Sources */ = {isa = PBXBuildFile; fileRef = 266192732D7B408400CFC6D7 /* ChatMessageHandler.swift */; };
		266192762D7B422A00CFC6D7 /* ChatMessage.swift in Sources */ = {isa = PBXBuildFile; fileRef = 266192752D7B422A00CFC6D7 /* ChatMessage.swift */; };
		266192782D7B429100CFC6D7 /* ChatView.swift in Sources */ = {isa = PBXBuildFile; fileRef = 266192772D7B429100CFC6D7 /* ChatView.swift */; };
		2661927B2D7B45BF00CFC6D7 /* ServicePickerView.swift in Sources */ = {isa = PBXBuildFile; fileRef = 2661927A2D7B45B400CFC6D7 /* ServicePickerView.swift */; };
		2661927D2D7B49E100CFC6D7 /* BonjourDiscoveryService.swift in Sources */ = {isa = PBXBuildFile; fileRef = 2661927C2D7B49E100CFC6D7 /* BonjourDiscoveryService.swift */; };
		26634A0A2D9027B60018A8C4 /* NWConnection+Extensions.swift in Sources */ = {isa = PBXBuildFile; fileRef = 26634A092D9027B60018A8C4 /* NWConnection+Extensions.swift */; };
		26634A0C2D902B8E0018A8C4 /* PeerAdvertisingService.swift in Sources */ = {isa = PBXBuildFile; fileRef = 26634A0B2D902B8E0018A8C4 /* PeerAdvertisingService.swift */; };
		26634A0E2D902BEB0018A8C4 /* BonjourDataTransferService.swift in Sources */ = {isa = PBXBuildFile; fileRef = 26634A0D2D902BEB0018A8C4 /* BonjourDataTransferService.swift */; };
		26634A102D902BF50018A8C4 /* BonjourAdvertisingService.swift in Sources */ = {isa = PBXBuildFile; fileRef = 26634A0F2D902BF50018A8C4 /* BonjourAdvertisingService.swift */; };
		26634A142D902F3C0018A8C4 /* BonjourInformationService.swift in Sources */ = {isa = PBXBuildFile; fileRef = 26634A132D902F350018A8C4 /* BonjourInformationService.swift */; };
		267E07C02D8DB5A300D4B86E /* Identifier.swift in Sources */ = {isa = PBXBuildFile; fileRef = 267E07BF2D8DB5A300D4B86E /* Identifier.swift */; };
		26CFD1992D8F023600C37775 /* PeerDiscoveryView.swift in Sources */ = {isa = PBXBuildFile; fileRef = 26CFD1982D8F023600C37775 /* PeerDiscoveryView.swift */; };
		26CFD19B2D8F028F00C37775 /* NavigationRouter.swift in Sources */ = {isa = PBXBuildFile; fileRef = 26CFD19A2D8F028F00C37775 /* NavigationRouter.swift */; };
		26CFD19D2D8F05BB00C37775 /* ServiceState.swift in Sources */ = {isa = PBXBuildFile; fileRef = 26CFD19C2D8F05BB00C37775 /* ServiceState.swift */; };
		26CFD19F2D8F0A3500C37775 /* PeerInformationService.swift in Sources */ = {isa = PBXBuildFile; fileRef = 26CFD19E2D8F0A3500C37775 /* PeerInformationService.swift */; };
		26CFD1A32D8F0EF500C37775 /* BonjourPeer.swift in Sources */ = {isa = PBXBuildFile; fileRef = 26CFD1A22D8F0EF500C37775 /* BonjourPeer.swift */; };
/* End PBXBuildFile section */

/* Begin PBXFileReference section */
		26014B342D9030E600E87831 /* ServiceType.swift */ = {isa = PBXFileReference; lastKnownFileType = sourcecode.swift; path = ServiceType.swift; sourceTree = "<group>"; };
		2661925E2D7B2B8C00CFC6D7 /* Preview Assets.xcassets */ = {isa = PBXFileReference; lastKnownFileType = folder.assetcatalog; path = "Preview Assets.xcassets"; sourceTree = "<group>"; };
		266192602D7B2B8C00CFC6D7 /* Assets.xcassets */ = {isa = PBXFileReference; lastKnownFileType = folder.assetcatalog; path = Assets.xcassets; sourceTree = "<group>"; };
		266192622D7B2B8C00CFC6D7 /* P2PChat.entitlements */ = {isa = PBXFileReference; lastKnownFileType = text.plist.entitlements; path = P2PChat.entitlements; sourceTree = "<group>"; };
		266192632D7B2B8C00CFC6D7 /* P2PChatApp.swift */ = {isa = PBXFileReference; lastKnownFileType = sourcecode.swift; path = P2PChatApp.swift; sourceTree = "<group>"; };
		2661926A2D7B2BA500CFC6D7 /* Peer.swift */ = {isa = PBXFileReference; lastKnownFileType = sourcecode.swift; path = Peer.swift; sourceTree = "<group>"; };
		2661926C2D7B3DD500CFC6D7 /* PeerDiscoveryService.swift */ = {isa = PBXFileReference; lastKnownFileType = sourcecode.swift; path = PeerDiscoveryService.swift; sourceTree = "<group>"; };
		2661926E2D7B3F8400CFC6D7 /* ServiceIdentifier.swift */ = {isa = PBXFileReference; lastKnownFileType = sourcecode.swift; path = ServiceIdentifier.swift; sourceTree = "<group>"; };
		266192702D7B401400CFC6D7 /* PeerDataTransferService.swift */ = {isa = PBXFileReference; lastKnownFileType = sourcecode.swift; path = PeerDataTransferService.swift; sourceTree = "<group>"; };
		266192732D7B408400CFC6D7 /* ChatMessageHandler.swift */ = {isa = PBXFileReference; lastKnownFileType = sourcecode.swift; path = ChatMessageHandler.swift; sourceTree = "<group>"; };
		266192752D7B422A00CFC6D7 /* ChatMessage.swift */ = {isa = PBXFileReference; lastKnownFileType = sourcecode.swift; path = ChatMessage.swift; sourceTree = "<group>"; };
		266192772D7B429100CFC6D7 /* ChatView.swift */ = {isa = PBXFileReference; lastKnownFileType = sourcecode.swift; path = ChatView.swift; sourceTree = "<group>"; };
		2661927A2D7B45B400CFC6D7 /* ServicePickerView.swift */ = {isa = PBXFileReference; lastKnownFileType = sourcecode.swift; path = ServicePickerView.swift; sourceTree = "<group>"; };
		2661927C2D7B49E100CFC6D7 /* BonjourDiscoveryService.swift */ = {isa = PBXFileReference; lastKnownFileType = sourcecode.swift; path = BonjourDiscoveryService.swift; sourceTree = "<group>"; };
		26634A092D9027B60018A8C4 /* NWConnection+Extensions.swift */ = {isa = PBXFileReference; lastKnownFileType = sourcecode.swift; path = "NWConnection+Extensions.swift"; sourceTree = "<group>"; };
		26634A0B2D902B8E0018A8C4 /* PeerAdvertisingService.swift */ = {isa = PBXFileReference; lastKnownFileType = sourcecode.swift; path = PeerAdvertisingService.swift; sourceTree = "<group>"; };
		26634A0D2D902BEB0018A8C4 /* BonjourDataTransferService.swift */ = {isa = PBXFileReference; lastKnownFileType = sourcecode.swift; path = BonjourDataTransferService.swift; sourceTree = "<group>"; };
		26634A0F2D902BF50018A8C4 /* BonjourAdvertisingService.swift */ = {isa = PBXFileReference; lastKnownFileType = sourcecode.swift; path = BonjourAdvertisingService.swift; sourceTree = "<group>"; };
		26634A132D902F350018A8C4 /* BonjourInformationService.swift */ = {isa = PBXFileReference; lastKnownFileType = sourcecode.swift; path = BonjourInformationService.swift; sourceTree = "<group>"; };
		2677AF6E2D747BF500A64065 /* P2PChat.app */ = {isa = PBXFileReference; explicitFileType = wrapper.application; includeInIndex = 0; path = P2PChat.app; sourceTree = BUILT_PRODUCTS_DIR; };
		267E07BF2D8DB5A300D4B86E /* Identifier.swift */ = {isa = PBXFileReference; lastKnownFileType = sourcecode.swift; path = Identifier.swift; sourceTree = "<group>"; };
		267E07C42D8E224400D4B86E /* Info.plist */ = {isa = PBXFileReference; lastKnownFileType = text.plist; path = Info.plist; sourceTree = "<group>"; };
		26CFD1982D8F023600C37775 /* PeerDiscoveryView.swift */ = {isa = PBXFileReference; lastKnownFileType = sourcecode.swift; path = PeerDiscoveryView.swift; sourceTree = "<group>"; };
		26CFD19A2D8F028F00C37775 /* NavigationRouter.swift */ = {isa = PBXFileReference; lastKnownFileType = sourcecode.swift; path = NavigationRouter.swift; sourceTree = "<group>"; };
		26CFD19C2D8F05BB00C37775 /* ServiceState.swift */ = {isa = PBXFileReference; lastKnownFileType = sourcecode.swift; path = ServiceState.swift; sourceTree = "<group>"; };
		26CFD19E2D8F0A3500C37775 /* PeerInformationService.swift */ = {isa = PBXFileReference; lastKnownFileType = sourcecode.swift; path = PeerInformationService.swift; sourceTree = "<group>"; };
		26CFD1A22D8F0EF500C37775 /* BonjourPeer.swift */ = {isa = PBXFileReference; lastKnownFileType = sourcecode.swift; path = BonjourPeer.swift; sourceTree = "<group>"; };
/* End PBXFileReference section */

/* Begin PBXFrameworksBuildPhase section */
		2677AF6B2D747BF400A64065 /* Frameworks */ = {
			isa = PBXFrameworksBuildPhase;
			buildActionMask = 2147483647;
			files = (
			);
			runOnlyForDeploymentPostprocessing = 0;
		};
/* End PBXFrameworksBuildPhase section */

/* Begin PBXGroup section */
		2661925F2D7B2B8C00CFC6D7 /* Preview Content */ = {
			isa = PBXGroup;
			children = (
				2661925E2D7B2B8C00CFC6D7 /* Preview Assets.xcassets */,
			);
			path = "Preview Content";
			sourceTree = "<group>";
		};
		266192642D7B2B8C00CFC6D7 /* P2PChat */ = {
			isa = PBXGroup;
			children = (
				266192622D7B2B8C00CFC6D7 /* P2PChat.entitlements */,
				267E07C42D8E224400D4B86E /* Info.plist */,
				266192632D7B2B8C00CFC6D7 /* P2PChatApp.swift */,
				266192602D7B2B8C00CFC6D7 /* Assets.xcassets */,
				266192722D7B406B00CFC6D7 /* Chat */,
				26634A082D9027B20018A8C4 /* Extensions */,
				266192692D7B2B9000CFC6D7 /* P2P */,
				2661925F2D7B2B8C00CFC6D7 /* Preview Content */,
				266192792D7B459500CFC6D7 /* UI */,
			);
			path = P2PChat;
			sourceTree = "<group>";
		};
		266192692D7B2B9000CFC6D7 /* P2P */ = {
			isa = PBXGroup;
			children = (
				2661926A2D7B2BA500CFC6D7 /* Peer.swift */,
				26634A0B2D902B8E0018A8C4 /* PeerAdvertisingService.swift */,
				266192702D7B401400CFC6D7 /* PeerDataTransferService.swift */,
				2661926C2D7B3DD500CFC6D7 /* PeerDiscoveryService.swift */,
				26CFD19E2D8F0A3500C37775 /* PeerInformationService.swift */,
				26CFD19C2D8F05BB00C37775 /* ServiceState.swift */,
				2661926E2D7B3F8400CFC6D7 /* ServiceIdentifier.swift */,
				267E07C22D8DB9EB00D4B86E /* Bluetooth */,
				267E07C12D8DB9E200D4B86E /* Bonjour */,
				267E07C32D8DB9F000D4B86E /* Multipeer */,
				26014B342D9030E600E87831 /* ServiceType.swift */,
			);
			path = P2P;
			sourceTree = "<group>";
		};
		266192722D7B406B00CFC6D7 /* Chat */ = {
			isa = PBXGroup;
			children = (
				267E07BF2D8DB5A300D4B86E /* Identifier.swift */,
				266192752D7B422A00CFC6D7 /* ChatMessage.swift */,
				266192732D7B408400CFC6D7 /* ChatMessageHandler.swift */,
			);
			path = Chat;
			sourceTree = "<group>";
		};
		266192792D7B459500CFC6D7 /* UI */ = {
			isa = PBXGroup;
			children = (
				26CFD19A2D8F028F00C37775 /* NavigationRouter.swift */,
				26CFD1982D8F023600C37775 /* PeerDiscoveryView.swift */,
				2661927A2D7B45B400CFC6D7 /* ServicePickerView.swift */,
				266192772D7B429100CFC6D7 /* ChatView.swift */,
			);
			path = UI;
			sourceTree = "<group>";
		};
		26634A082D9027B20018A8C4 /* Extensions */ = {
			isa = PBXGroup;
			children = (
				26634A092D9027B60018A8C4 /* NWConnection+Extensions.swift */,
			);
			path = Extensions;
			sourceTree = "<group>";
		};
		2677AF652D747BF400A64065 = {
			isa = PBXGroup;
			children = (
				266192642D7B2B8C00CFC6D7 /* P2PChat */,
				2677AF6F2D747BF500A64065 /* Products */,
			);
			sourceTree = "<group>";
		};
		2677AF6F2D747BF500A64065 /* Products */ = {
			isa = PBXGroup;
			children = (
				2677AF6E2D747BF500A64065 /* P2PChat.app */,
			);
			name = Products;
			sourceTree = "<group>";
		};
		267E07C12D8DB9E200D4B86E /* Bonjour */ = {
			isa = PBXGroup;
			children = (
				26634A132D902F350018A8C4 /* BonjourInformationService.swift */,
				26634A0F2D902BF50018A8C4 /* BonjourAdvertisingService.swift */,
				26634A0D2D902BEB0018A8C4 /* BonjourDataTransferService.swift */,
				2661927C2D7B49E100CFC6D7 /* BonjourDiscoveryService.swift */,
				26CFD1A22D8F0EF500C37775 /* BonjourPeer.swift */,
			);
			path = Bonjour;
			sourceTree = "<group>";
		};
		267E07C22D8DB9EB00D4B86E /* Bluetooth */ = {
			isa = PBXGroup;
			children = (
			);
			path = Bluetooth;
			sourceTree = "<group>";
		};
		267E07C32D8DB9F000D4B86E /* Multipeer */ = {
			isa = PBXGroup;
			children = (
			);
			path = Multipeer;
			sourceTree = "<group>";
		};
/* End PBXGroup section */

/* Begin PBXNativeTarget section */
		2677AF6D2D747BF400A64065 /* P2PChat */ = {
			isa = PBXNativeTarget;
			buildConfigurationList = 2677AF7C2D747BF600A64065 /* Build configuration list for PBXNativeTarget "P2PChat" */;
			buildPhases = (
				2677AF6A2D747BF400A64065 /* Sources */,
				2677AF6B2D747BF400A64065 /* Frameworks */,
				2677AF6C2D747BF400A64065 /* Resources */,
			);
			buildRules = (
			);
			dependencies = (
			);
			name = P2PChat;
			packageProductDependencies = (
			);
			productName = P2PChat;
			productReference = 2677AF6E2D747BF500A64065 /* P2PChat.app */;
			productType = "com.apple.product-type.application";
		};
/* End PBXNativeTarget section */

/* Begin PBXProject section */
		2677AF662D747BF400A64065 /* Project object */ = {
			isa = PBXProject;
			attributes = {
				BuildIndependentTargetsInParallel = 1;
				LastSwiftUpdateCheck = 1620;
				LastUpgradeCheck = 1620;
				TargetAttributes = {
					2677AF6D2D747BF400A64065 = {
						CreatedOnToolsVersion = 16.2;
					};
				};
			};
			buildConfigurationList = 2677AF692D747BF400A64065 /* Build configuration list for PBXProject "P2PChat" */;
			developmentRegion = en;
			hasScannedForEncodings = 0;
			knownRegions = (
				en,
				Base,
			);
			mainGroup = 2677AF652D747BF400A64065;
			minimizedProjectReferenceProxies = 1;
			preferredProjectObjectVersion = 77;
			productRefGroup = 2677AF6F2D747BF500A64065 /* Products */;
			projectDirPath = "";
			projectRoot = "";
			targets = (
				2677AF6D2D747BF400A64065 /* P2PChat */,
			);
		};
/* End PBXProject section */

/* Begin PBXResourcesBuildPhase section */
		2677AF6C2D747BF400A64065 /* Resources */ = {
			isa = PBXResourcesBuildPhase;
			buildActionMask = 2147483647;
			files = (
				266192672D7B2B8C00CFC6D7 /* Preview Assets.xcassets in Resources */,
				266192682D7B2B8C00CFC6D7 /* Assets.xcassets in Resources */,
			);
			runOnlyForDeploymentPostprocessing = 0;
		};
/* End PBXResourcesBuildPhase section */

/* Begin PBXSourcesBuildPhase section */
		2677AF6A2D747BF400A64065 /* Sources */ = {
			isa = PBXSourcesBuildPhase;
			buildActionMask = 2147483647;
			files = (
				26014B352D9030E600E87831 /* ServiceType.swift in Sources */,
				2661926F2D7B3F8400CFC6D7 /* ServiceIdentifier.swift in Sources */,
				266192762D7B422A00CFC6D7 /* ChatMessage.swift in Sources */,
				2661927B2D7B45BF00CFC6D7 /* ServicePickerView.swift in Sources */,
				266192712D7B401400CFC6D7 /* PeerDataTransferService.swift in Sources */,
				26634A0C2D902B8E0018A8C4 /* PeerAdvertisingService.swift in Sources */,
				26634A0E2D902BEB0018A8C4 /* BonjourDataTransferService.swift in Sources */,
				2661926B2D7B2BA700CFC6D7 /* Peer.swift in Sources */,
				266192782D7B429100CFC6D7 /* ChatView.swift in Sources */,
				266192742D7B40A100CFC6D7 /* ChatMessageHandler.swift in Sources */,
				26634A102D902BF50018A8C4 /* BonjourAdvertisingService.swift in Sources */,
				26CFD19B2D8F028F00C37775 /* NavigationRouter.swift in Sources */,
				26CFD1992D8F023600C37775 /* PeerDiscoveryView.swift in Sources */,
				2661927D2D7B49E100CFC6D7 /* BonjourDiscoveryService.swift in Sources */,
				2661926D2D7B3DD500CFC6D7 /* PeerDiscoveryService.swift in Sources */,
				267E07C02D8DB5A300D4B86E /* Identifier.swift in Sources */,
				266192662D7B2B8C00CFC6D7 /* P2PChatApp.swift in Sources */,
				26634A142D902F3C0018A8C4 /* BonjourInformationService.swift in Sources */,
				26CFD19F2D8F0A3500C37775 /* PeerInformationService.swift in Sources */,
				26CFD1A32D8F0EF500C37775 /* BonjourPeer.swift in Sources */,
				26CFD19D2D8F05BB00C37775 /* ServiceState.swift in Sources */,
				26634A0A2D9027B60018A8C4 /* NWConnection+Extensions.swift in Sources */,
			);
			runOnlyForDeploymentPostprocessing = 0;
		};
/* End PBXSourcesBuildPhase section */

/* Begin XCBuildConfiguration section */
		2677AF7A2D747BF600A64065 /* Debug */ = {
			isa = XCBuildConfiguration;
			buildSettings = {
				ALWAYS_SEARCH_USER_PATHS = NO;
				ASSETCATALOG_COMPILER_GENERATE_SWIFT_ASSET_SYMBOL_EXTENSIONS = YES;
				CLANG_ANALYZER_NONNULL = YES;
				CLANG_ANALYZER_NUMBER_OBJECT_CONVERSION = YES_AGGRESSIVE;
				CLANG_CXX_LANGUAGE_STANDARD = "gnu++20";
				CLANG_ENABLE_MODULES = YES;
				CLANG_ENABLE_OBJC_ARC = YES;
				CLANG_ENABLE_OBJC_WEAK = YES;
				CLANG_WARN_BLOCK_CAPTURE_AUTORELEASING = YES;
				CLANG_WARN_BOOL_CONVERSION = YES;
				CLANG_WARN_COMMA = YES;
				CLANG_WARN_CONSTANT_CONVERSION = YES;
				CLANG_WARN_DEPRECATED_OBJC_IMPLEMENTATIONS = YES;
				CLANG_WARN_DIRECT_OBJC_ISA_USAGE = YES_ERROR;
				CLANG_WARN_DOCUMENTATION_COMMENTS = YES;
				CLANG_WARN_EMPTY_BODY = YES;
				CLANG_WARN_ENUM_CONVERSION = YES;
				CLANG_WARN_INFINITE_RECURSION = YES;
				CLANG_WARN_INT_CONVERSION = YES;
				CLANG_WARN_NON_LITERAL_NULL_CONVERSION = YES;
				CLANG_WARN_OBJC_IMPLICIT_RETAIN_SELF = YES;
				CLANG_WARN_OBJC_LITERAL_CONVERSION = YES;
				CLANG_WARN_OBJC_ROOT_CLASS = YES_ERROR;
				CLANG_WARN_QUOTED_INCLUDE_IN_FRAMEWORK_HEADER = YES;
				CLANG_WARN_RANGE_LOOP_ANALYSIS = YES;
				CLANG_WARN_STRICT_PROTOTYPES = YES;
				CLANG_WARN_SUSPICIOUS_MOVE = YES;
				CLANG_WARN_UNGUARDED_AVAILABILITY = YES_AGGRESSIVE;
				CLANG_WARN_UNREACHABLE_CODE = YES;
				CLANG_WARN__DUPLICATE_METHOD_MATCH = YES;
				COPY_PHASE_STRIP = NO;
				DEBUG_INFORMATION_FORMAT = dwarf;
				ENABLE_STRICT_OBJC_MSGSEND = YES;
				ENABLE_TESTABILITY = YES;
				ENABLE_USER_SCRIPT_SANDBOXING = YES;
				GCC_C_LANGUAGE_STANDARD = gnu17;
				GCC_DYNAMIC_NO_PIC = NO;
				GCC_NO_COMMON_BLOCKS = YES;
				GCC_OPTIMIZATION_LEVEL = 0;
				GCC_PREPROCESSOR_DEFINITIONS = (
					"DEBUG=1",
					"$(inherited)",
				);
				GCC_WARN_64_TO_32_BIT_CONVERSION = YES;
				GCC_WARN_ABOUT_RETURN_TYPE = YES_ERROR;
				GCC_WARN_UNDECLARED_SELECTOR = YES;
				GCC_WARN_UNINITIALIZED_AUTOS = YES_AGGRESSIVE;
				GCC_WARN_UNUSED_FUNCTION = YES;
				GCC_WARN_UNUSED_VARIABLE = YES;
				IPHONEOS_DEPLOYMENT_TARGET = 18.2;
				LOCALIZATION_PREFERS_STRING_CATALOGS = YES;
				MTL_ENABLE_DEBUG_INFO = INCLUDE_SOURCE;
				MTL_FAST_MATH = YES;
				ONLY_ACTIVE_ARCH = YES;
				SDKROOT = iphoneos;
				SWIFT_ACTIVE_COMPILATION_CONDITIONS = "DEBUG $(inherited)";
				SWIFT_OPTIMIZATION_LEVEL = "-Onone";
			};
			name = Debug;
		};
		2677AF7B2D747BF600A64065 /* Release */ = {
			isa = XCBuildConfiguration;
			buildSettings = {
				ALWAYS_SEARCH_USER_PATHS = NO;
				ASSETCATALOG_COMPILER_GENERATE_SWIFT_ASSET_SYMBOL_EXTENSIONS = YES;
				CLANG_ANALYZER_NONNULL = YES;
				CLANG_ANALYZER_NUMBER_OBJECT_CONVERSION = YES_AGGRESSIVE;
				CLANG_CXX_LANGUAGE_STANDARD = "gnu++20";
				CLANG_ENABLE_MODULES = YES;
				CLANG_ENABLE_OBJC_ARC = YES;
				CLANG_ENABLE_OBJC_WEAK = YES;
				CLANG_WARN_BLOCK_CAPTURE_AUTORELEASING = YES;
				CLANG_WARN_BOOL_CONVERSION = YES;
				CLANG_WARN_COMMA = YES;
				CLANG_WARN_CONSTANT_CONVERSION = YES;
				CLANG_WARN_DEPRECATED_OBJC_IMPLEMENTATIONS = YES;
				CLANG_WARN_DIRECT_OBJC_ISA_USAGE = YES_ERROR;
				CLANG_WARN_DOCUMENTATION_COMMENTS = YES;
				CLANG_WARN_EMPTY_BODY = YES;
				CLANG_WARN_ENUM_CONVERSION = YES;
				CLANG_WARN_INFINITE_RECURSION = YES;
				CLANG_WARN_INT_CONVERSION = YES;
				CLANG_WARN_NON_LITERAL_NULL_CONVERSION = YES;
				CLANG_WARN_OBJC_IMPLICIT_RETAIN_SELF = YES;
				CLANG_WARN_OBJC_LITERAL_CONVERSION = YES;
				CLANG_WARN_OBJC_ROOT_CLASS = YES_ERROR;
				CLANG_WARN_QUOTED_INCLUDE_IN_FRAMEWORK_HEADER = YES;
				CLANG_WARN_RANGE_LOOP_ANALYSIS = YES;
				CLANG_WARN_STRICT_PROTOTYPES = YES;
				CLANG_WARN_SUSPICIOUS_MOVE = YES;
				CLANG_WARN_UNGUARDED_AVAILABILITY = YES_AGGRESSIVE;
				CLANG_WARN_UNREACHABLE_CODE = YES;
				CLANG_WARN__DUPLICATE_METHOD_MATCH = YES;
				COPY_PHASE_STRIP = NO;
				DEBUG_INFORMATION_FORMAT = "dwarf-with-dsym";
				ENABLE_NS_ASSERTIONS = NO;
				ENABLE_STRICT_OBJC_MSGSEND = YES;
				ENABLE_USER_SCRIPT_SANDBOXING = YES;
				GCC_C_LANGUAGE_STANDARD = gnu17;
				GCC_NO_COMMON_BLOCKS = YES;
				GCC_WARN_64_TO_32_BIT_CONVERSION = YES;
				GCC_WARN_ABOUT_RETURN_TYPE = YES_ERROR;
				GCC_WARN_UNDECLARED_SELECTOR = YES;
				GCC_WARN_UNINITIALIZED_AUTOS = YES_AGGRESSIVE;
				GCC_WARN_UNUSED_FUNCTION = YES;
				GCC_WARN_UNUSED_VARIABLE = YES;
				IPHONEOS_DEPLOYMENT_TARGET = 18.2;
				LOCALIZATION_PREFERS_STRING_CATALOGS = YES;
				MTL_ENABLE_DEBUG_INFO = NO;
				MTL_FAST_MATH = YES;
				SDKROOT = iphoneos;
				SWIFT_COMPILATION_MODE = wholemodule;
				VALIDATE_PRODUCT = YES;
			};
			name = Release;
		};
		2677AF7D2D747BF600A64065 /* Debug */ = {
			isa = XCBuildConfiguration;
			buildSettings = {
				ASSETCATALOG_COMPILER_APPICON_NAME = AppIcon;
				ASSETCATALOG_COMPILER_GLOBAL_ACCENT_COLOR_NAME = AccentColor;
				CODE_SIGN_ENTITLEMENTS = P2PChat/P2PChat.entitlements;
				CODE_SIGN_STYLE = Automatic;
				CURRENT_PROJECT_VERSION = 1;
				DEVELOPMENT_ASSET_PATHS = "\"P2PChat/Preview Content\"";
				DEVELOPMENT_TEAM = FMYBNSCQ2F;
				ENABLE_PREVIEWS = YES;
				GENERATE_INFOPLIST_FILE = YES;
				INFOPLIST_FILE = P2PChat/Info.plist;
				INFOPLIST_KEY_NSBluetoothPeripheralUsageDescription = "P2PChat needs to access bluetooth to discover nearby peers to chat with";
				INFOPLIST_KEY_NSLocalNetworkUsageDescription = "P2PChat needs to access the local network to discover nearby peers to chat with";
				INFOPLIST_KEY_UIApplicationSceneManifest_Generation = YES;
				INFOPLIST_KEY_UIApplicationSupportsIndirectInputEvents = YES;
				INFOPLIST_KEY_UILaunchScreen_Generation = YES;
				INFOPLIST_KEY_UISupportedInterfaceOrientations_iPad = "UIInterfaceOrientationPortrait UIInterfaceOrientationPortraitUpsideDown UIInterfaceOrientationLandscapeLeft UIInterfaceOrientationLandscapeRight";
				INFOPLIST_KEY_UISupportedInterfaceOrientations_iPhone = "UIInterfaceOrientationPortrait UIInterfaceOrientationLandscapeLeft UIInterfaceOrientationLandscapeRight";
				LD_RUNPATH_SEARCH_PATHS = (
					"$(inherited)",
					"@executable_path/Frameworks",
				);
				MARKETING_VERSION = 1.0;
				PRODUCT_BUNDLE_IDENTIFIER = dev.panhans.P2PChat;
				PRODUCT_NAME = "$(TARGET_NAME)";
				SWIFT_EMIT_LOC_STRINGS = YES;
				SWIFT_VERSION = 5.0;
				TARGETED_DEVICE_FAMILY = "1,2";
			};
			name = Debug;
		};
		2677AF7E2D747BF600A64065 /* Release */ = {
			isa = XCBuildConfiguration;
			buildSettings = {
				ASSETCATALOG_COMPILER_APPICON_NAME = AppIcon;
				ASSETCATALOG_COMPILER_GLOBAL_ACCENT_COLOR_NAME = AccentColor;
				CODE_SIGN_ENTITLEMENTS = P2PChat/P2PChat.entitlements;
				CODE_SIGN_STYLE = Automatic;
				CURRENT_PROJECT_VERSION = 1;
				DEVELOPMENT_ASSET_PATHS = "\"P2PChat/Preview Content\"";
				DEVELOPMENT_TEAM = FMYBNSCQ2F;
				ENABLE_PREVIEWS = YES;
				GENERATE_INFOPLIST_FILE = YES;
				INFOPLIST_FILE = P2PChat/Info.plist;
				INFOPLIST_KEY_NSBluetoothPeripheralUsageDescription = "P2PChat needs to access bluetooth to discover nearby peers to chat with";
				INFOPLIST_KEY_NSLocalNetworkUsageDescription = "P2PChat needs to access the local network to discover nearby peers to chat with";
				INFOPLIST_KEY_UIApplicationSceneManifest_Generation = YES;
				INFOPLIST_KEY_UIApplicationSupportsIndirectInputEvents = YES;
				INFOPLIST_KEY_UILaunchScreen_Generation = YES;
				INFOPLIST_KEY_UISupportedInterfaceOrientations_iPad = "UIInterfaceOrientationPortrait UIInterfaceOrientationPortraitUpsideDown UIInterfaceOrientationLandscapeLeft UIInterfaceOrientationLandscapeRight";
				INFOPLIST_KEY_UISupportedInterfaceOrientations_iPhone = "UIInterfaceOrientationPortrait UIInterfaceOrientationLandscapeLeft UIInterfaceOrientationLandscapeRight";
				LD_RUNPATH_SEARCH_PATHS = (
					"$(inherited)",
					"@executable_path/Frameworks",
				);
				MARKETING_VERSION = 1.0;
				PRODUCT_BUNDLE_IDENTIFIER = dev.panhans.P2PChat;
				PRODUCT_NAME = "$(TARGET_NAME)";
				SWIFT_EMIT_LOC_STRINGS = YES;
				SWIFT_VERSION = 5.0;
				TARGETED_DEVICE_FAMILY = "1,2";
			};
			name = Release;
		};
/* End XCBuildConfiguration section */

/* Begin XCConfigurationList section */
		2677AF692D747BF400A64065 /* Build configuration list for PBXProject "P2PChat" */ = {
			isa = XCConfigurationList;
			buildConfigurations = (
				2677AF7A2D747BF600A64065 /* Debug */,
				2677AF7B2D747BF600A64065 /* Release */,
			);
			defaultConfigurationIsVisible = 0;
			defaultConfigurationName = Release;
		};
		2677AF7C2D747BF600A64065 /* Build configuration list for PBXNativeTarget "P2PChat" */ = {
			isa = XCConfigurationList;
			buildConfigurations = (
				2677AF7D2D747BF600A64065 /* Debug */,
				2677AF7E2D747BF600A64065 /* Release */,
			);
			defaultConfigurationIsVisible = 0;
			defaultConfigurationName = Release;
		};
/* End XCConfigurationList section */
	};
	rootObject = 2677AF662D747BF400A64065 /* Project object */;
}
