// !$*UTF8*$!
{
	archiveVersion = 1;
	classes = {
	};
	objectVersion = 77;
	objects = {

/* Begin PBXBuildFile section */
		260F45B22DB98AC400927AE9 /* Data+Extensions.swift in Sources */ = {isa = PBXBuildFile; fileRef = 260F45B12DB98AC400927AE9 /* Data+Extensions.swift */; };
		260F45B42DB98F4A00927AE9 /* Logging.swift in Sources */ = {isa = PBXBuildFile; fileRef = 260F45B32DB98F4A00927AE9 /* Logging.swift */; };
		260F45B82DB998C800927AE9 /* ChatMessageCellView.swift in Sources */ = {isa = PBXBuildFile; fileRef = 260F45B72DB998C800927AE9 /* ChatMessageCellView.swift */; };
		260F45BB2DB9990E00927AE9 /* ChatMessageComposerView.swift in Sources */ = {isa = PBXBuildFile; fileRef = 260F45BA2DB9990E00927AE9 /* ChatMessageComposerView.swift */; };
		26482DDD2D92D6F30059019C /* P2PKit in Frameworks */ = {isa = PBXBuildFile; productRef = 26482DDC2D92D6F30059019C /* P2PKit */; };
		26482DDF2D92DED60059019C /* AsyncButton.swift in Sources */ = {isa = PBXBuildFile; fileRef = 26482DDE2D92DED60059019C /* AsyncButton.swift */; };
		264D71FE2DB1969700E5E771 /* ChatsListView.swift in Sources */ = {isa = PBXBuildFile; fileRef = 264D71FD2DB1969700E5E771 /* ChatsListView.swift */; };
		264E97DD2E1545DE00CA8AF1 /* Logging in Frameworks */ = {isa = PBXBuildFile; productRef = 264E97DC2E1545DE00CA8AF1 /* Logging */; };
		265607842DF5E30100D43036 /* PerformanceLogger.swift in Sources */ = {isa = PBXBuildFile; fileRef = 265607832DF5E2FD00D43036 /* PerformanceLogger.swift */; };
		266192662D7B2B8C00CFC6D7 /* P2PChatApp.swift in Sources */ = {isa = PBXBuildFile; fileRef = 266192632D7B2B8C00CFC6D7 /* P2PChatApp.swift */; };
		266192672D7B2B8C00CFC6D7 /* Preview Assets.xcassets in Resources */ = {isa = PBXBuildFile; fileRef = 2661925E2D7B2B8C00CFC6D7 /* Preview Assets.xcassets */; };
		266192682D7B2B8C00CFC6D7 /* Assets.xcassets in Resources */ = {isa = PBXBuildFile; fileRef = 266192602D7B2B8C00CFC6D7 /* Assets.xcassets */; };
		266192742D7B40A100CFC6D7 /* ChatMessageHandler.swift in Sources */ = {isa = PBXBuildFile; fileRef = 266192732D7B408400CFC6D7 /* ChatMessageHandler.swift */; };
		266192762D7B422A00CFC6D7 /* ChatMessage.swift in Sources */ = {isa = PBXBuildFile; fileRef = 266192752D7B422A00CFC6D7 /* ChatMessage.swift */; };
		266192782D7B429100CFC6D7 /* ChatView.swift in Sources */ = {isa = PBXBuildFile; fileRef = 266192772D7B429100CFC6D7 /* ChatView.swift */; };
		2661927B2D7B45BF00CFC6D7 /* ServicePickerView.swift in Sources */ = {isa = PBXBuildFile; fileRef = 2661927A2D7B45B400CFC6D7 /* ServicePickerView.swift */; };
		266328842D94B327008A3F55 /* PeerPickerView.swift in Sources */ = {isa = PBXBuildFile; fileRef = 266328832D94B327008A3F55 /* PeerPickerView.swift */; };
		266328862D94B352008A3F55 /* PeerAdvertisingView.swift in Sources */ = {isa = PBXBuildFile; fileRef = 266328852D94B352008A3F55 /* PeerAdvertisingView.swift */; };
		268CF7872DC130D80026BC2E /* ChatNavigationLink.swift in Sources */ = {isa = PBXBuildFile; fileRef = 268CF7862DC130D80026BC2E /* ChatNavigationLink.swift */; };
		268CF7892DC135BE0026BC2E /* ChatViewPreview.swift in Sources */ = {isa = PBXBuildFile; fileRef = 268CF7882DC135BE0026BC2E /* ChatViewPreview.swift */; };
		26C6BB382DB2E8B0000E5377 /* ChatMessageImage.swift in Sources */ = {isa = PBXBuildFile; fileRef = 26C6BB372DB2E8AC000E5377 /* ChatMessageImage.swift */; };
		26CFD1992D8F023600C37775 /* PeerDiscoveryView.swift in Sources */ = {isa = PBXBuildFile; fileRef = 26CFD1982D8F023600C37775 /* PeerDiscoveryView.swift */; };
		26CFD19B2D8F028F00C37775 /* NavigationRouter.swift in Sources */ = {isa = PBXBuildFile; fileRef = 26CFD19A2D8F028F00C37775 /* NavigationRouter.swift */; };
		26F356092D9565F800496DAF /* NameOnboardingView.swift in Sources */ = {isa = PBXBuildFile; fileRef = 26F356082D9565F800496DAF /* NameOnboardingView.swift */; };
		26F3560B2D9565FF00496DAF /* NavigationDestination.swift in Sources */ = {isa = PBXBuildFile; fileRef = 26F3560A2D9565FF00496DAF /* NavigationDestination.swift */; };
		26F3560E2D95675600496DAF /* Constants.swift in Sources */ = {isa = PBXBuildFile; fileRef = 26F3560D2D95675600496DAF /* Constants.swift */; };
		26F356112D95680F00496DAF /* Settings.swift in Sources */ = {isa = PBXBuildFile; fileRef = 26F356102D95680F00496DAF /* Settings.swift */; };
/* End PBXBuildFile section */

/* Begin PBXFileReference section */
		260F45B12DB98AC400927AE9 /* Data+Extensions.swift */ = {isa = PBXFileReference; lastKnownFileType = sourcecode.swift; path = "Data+Extensions.swift"; sourceTree = "<group>"; };
		260F45B32DB98F4A00927AE9 /* Logging.swift */ = {isa = PBXFileReference; lastKnownFileType = sourcecode.swift; path = Logging.swift; sourceTree = "<group>"; };
		260F45B72DB998C800927AE9 /* ChatMessageCellView.swift */ = {isa = PBXFileReference; lastKnownFileType = sourcecode.swift; path = ChatMessageCellView.swift; sourceTree = "<group>"; };
		260F45BA2DB9990E00927AE9 /* ChatMessageComposerView.swift */ = {isa = PBXFileReference; lastKnownFileType = sourcecode.swift; path = ChatMessageComposerView.swift; sourceTree = "<group>"; };
		26482DDA2D92D6990059019C /* P2PKit */ = {isa = PBXFileReference; lastKnownFileType = wrapper; path = P2PKit; sourceTree = "<group>"; };
		26482DDE2D92DED60059019C /* AsyncButton.swift */ = {isa = PBXFileReference; lastKnownFileType = sourcecode.swift; path = AsyncButton.swift; sourceTree = "<group>"; };
		264D71FD2DB1969700E5E771 /* ChatsListView.swift */ = {isa = PBXFileReference; lastKnownFileType = sourcecode.swift; path = ChatsListView.swift; sourceTree = "<group>"; };
		265607832DF5E2FD00D43036 /* PerformanceLogger.swift */ = {isa = PBXFileReference; lastKnownFileType = sourcecode.swift; path = PerformanceLogger.swift; sourceTree = "<group>"; };
		2661925E2D7B2B8C00CFC6D7 /* Preview Assets.xcassets */ = {isa = PBXFileReference; lastKnownFileType = folder.assetcatalog; path = "Preview Assets.xcassets"; sourceTree = "<group>"; };
		266192602D7B2B8C00CFC6D7 /* Assets.xcassets */ = {isa = PBXFileReference; lastKnownFileType = folder.assetcatalog; path = Assets.xcassets; sourceTree = "<group>"; };
		266192622D7B2B8C00CFC6D7 /* P2PChat.entitlements */ = {isa = PBXFileReference; lastKnownFileType = text.plist.entitlements; path = P2PChat.entitlements; sourceTree = "<group>"; };
		266192632D7B2B8C00CFC6D7 /* P2PChatApp.swift */ = {isa = PBXFileReference; lastKnownFileType = sourcecode.swift; path = P2PChatApp.swift; sourceTree = "<group>"; };
		266192732D7B408400CFC6D7 /* ChatMessageHandler.swift */ = {isa = PBXFileReference; lastKnownFileType = sourcecode.swift; path = ChatMessageHandler.swift; sourceTree = "<group>"; };
		266192752D7B422A00CFC6D7 /* ChatMessage.swift */ = {isa = PBXFileReference; lastKnownFileType = sourcecode.swift; path = ChatMessage.swift; sourceTree = "<group>"; };
		266192772D7B429100CFC6D7 /* ChatView.swift */ = {isa = PBXFileReference; lastKnownFileType = sourcecode.swift; path = ChatView.swift; sourceTree = "<group>"; };
		2661927A2D7B45B400CFC6D7 /* ServicePickerView.swift */ = {isa = PBXFileReference; lastKnownFileType = sourcecode.swift; path = ServicePickerView.swift; sourceTree = "<group>"; };
		266328832D94B327008A3F55 /* PeerPickerView.swift */ = {isa = PBXFileReference; lastKnownFileType = sourcecode.swift; path = PeerPickerView.swift; sourceTree = "<group>"; };
		266328852D94B352008A3F55 /* PeerAdvertisingView.swift */ = {isa = PBXFileReference; lastKnownFileType = sourcecode.swift; path = PeerAdvertisingView.swift; sourceTree = "<group>"; };
		2677AF6E2D747BF500A64065 /* P2PChat.app */ = {isa = PBXFileReference; explicitFileType = wrapper.application; includeInIndex = 0; path = P2PChat.app; sourceTree = BUILT_PRODUCTS_DIR; };
		267E07C42D8E224400D4B86E /* Info.plist */ = {isa = PBXFileReference; lastKnownFileType = text.plist; path = Info.plist; sourceTree = "<group>"; };
		268CF7862DC130D80026BC2E /* ChatNavigationLink.swift */ = {isa = PBXFileReference; lastKnownFileType = sourcecode.swift; path = ChatNavigationLink.swift; sourceTree = "<group>"; };
		268CF7882DC135BE0026BC2E /* ChatViewPreview.swift */ = {isa = PBXFileReference; lastKnownFileType = sourcecode.swift; path = ChatViewPreview.swift; sourceTree = "<group>"; };
		26C6BB372DB2E8AC000E5377 /* ChatMessageImage.swift */ = {isa = PBXFileReference; lastKnownFileType = sourcecode.swift; path = ChatMessageImage.swift; sourceTree = "<group>"; };
		26CFD1982D8F023600C37775 /* PeerDiscoveryView.swift */ = {isa = PBXFileReference; lastKnownFileType = sourcecode.swift; path = PeerDiscoveryView.swift; sourceTree = "<group>"; };
		26CFD19A2D8F028F00C37775 /* NavigationRouter.swift */ = {isa = PBXFileReference; lastKnownFileType = sourcecode.swift; path = NavigationRouter.swift; sourceTree = "<group>"; };
		26F356082D9565F800496DAF /* NameOnboardingView.swift */ = {isa = PBXFileReference; lastKnownFileType = sourcecode.swift; path = NameOnboardingView.swift; sourceTree = "<group>"; };
		26F3560A2D9565FF00496DAF /* NavigationDestination.swift */ = {isa = PBXFileReference; lastKnownFileType = sourcecode.swift; path = NavigationDestination.swift; sourceTree = "<group>"; };
		26F3560D2D95675600496DAF /* Constants.swift */ = {isa = PBXFileReference; lastKnownFileType = sourcecode.swift; path = Constants.swift; sourceTree = "<group>"; };
		26F356102D95680F00496DAF /* Settings.swift */ = {isa = PBXFileReference; lastKnownFileType = sourcecode.swift; path = Settings.swift; sourceTree = "<group>"; };
/* End PBXFileReference section */

/* Begin PBXFrameworksBuildPhase section */
		2677AF6B2D747BF400A64065 /* Frameworks */ = {
			isa = PBXFrameworksBuildPhase;
			buildActionMask = 2147483647;
			files = (
				264E97DD2E1545DE00CA8AF1 /* Logging in Frameworks */,
				26482DDD2D92D6F30059019C /* P2PKit in Frameworks */,
			);
			runOnlyForDeploymentPostprocessing = 0;
		};
/* End PBXFrameworksBuildPhase section */

/* Begin PBXGroup section */
		260F45B92DB998CD00927AE9 /* Chat */ = {
			isa = PBXGroup;
			children = (
				268CF7882DC135BE0026BC2E /* ChatViewPreview.swift */,
				268CF7862DC130D80026BC2E /* ChatNavigationLink.swift */,
				260F45B72DB998C800927AE9 /* ChatMessageCellView.swift */,
				266192772D7B429100CFC6D7 /* ChatView.swift */,
				260F45BA2DB9990E00927AE9 /* ChatMessageComposerView.swift */,
			);
			path = Chat;
			sourceTree = "<group>";
		};
		26482DDB2D92D6F30059019C /* Frameworks */ = {
			isa = PBXGroup;
			children = (
			);
			name = Frameworks;
			sourceTree = "<group>";
		};
		2661925F2D7B2B8C00CFC6D7 /* Preview Content */ = {
			isa = PBXGroup;
			children = (
				2661925E2D7B2B8C00CFC6D7 /* Preview Assets.xcassets */,
			);
			path = "Preview Content";
			sourceTree = "<group>";
		};
		266192642D7B2B8C00CFC6D7 /* P2PChat */ = {
			isa = PBXGroup;
			children = (
				266192622D7B2B8C00CFC6D7 /* P2PChat.entitlements */,
				267E07C42D8E224400D4B86E /* Info.plist */,
				266192632D7B2B8C00CFC6D7 /* P2PChatApp.swift */,
				266192602D7B2B8C00CFC6D7 /* Assets.xcassets */,
				266192722D7B406B00CFC6D7 /* Chat */,
				26F3560F2D9567F100496DAF /* Helpers */,
				2661925F2D7B2B8C00CFC6D7 /* Preview Content */,
				266192792D7B459500CFC6D7 /* UI */,
			);
			path = P2PChat;
			sourceTree = "<group>";
		};
		266192722D7B406B00CFC6D7 /* Chat */ = {
			isa = PBXGroup;
			children = (
				26C6BB372DB2E8AC000E5377 /* ChatMessageImage.swift */,
				266192752D7B422A00CFC6D7 /* ChatMessage.swift */,
				266192732D7B408400CFC6D7 /* ChatMessageHandler.swift */,
			);
			path = Chat;
			sourceTree = "<group>";
		};
		266192792D7B459500CFC6D7 /* UI */ = {
			isa = PBXGroup;
			children = (
				260F45B92DB998CD00927AE9 /* Chat */,
				26482DDE2D92DED60059019C /* AsyncButton.swift */,
				264D71FD2DB1969700E5E771 /* ChatsListView.swift */,
				26F356082D9565F800496DAF /* NameOnboardingView.swift */,
				266328852D94B352008A3F55 /* PeerAdvertisingView.swift */,
				26CFD1982D8F023600C37775 /* PeerDiscoveryView.swift */,
				266328832D94B327008A3F55 /* PeerPickerView.swift */,
				2661927A2D7B45B400CFC6D7 /* ServicePickerView.swift */,
				26F3560C2D95660900496DAF /* Navigation */,
			);
			path = UI;
			sourceTree = "<group>";
		};
		2677AF652D747BF400A64065 = {
			isa = PBXGroup;
			children = (
				26482DDA2D92D6990059019C /* P2PKit */,
				266192642D7B2B8C00CFC6D7 /* P2PChat */,
				26482DDB2D92D6F30059019C /* Frameworks */,
				2677AF6F2D747BF500A64065 /* Products */,
			);
			sourceTree = "<group>";
		};
		2677AF6F2D747BF500A64065 /* Products */ = {
			isa = PBXGroup;
			children = (
				2677AF6E2D747BF500A64065 /* P2PChat.app */,
			);
			name = Products;
			sourceTree = "<group>";
		};
		26F3560C2D95660900496DAF /* Navigation */ = {
			isa = PBXGroup;
			children = (
				26F3560A2D9565FF00496DAF /* NavigationDestination.swift */,
				26CFD19A2D8F028F00C37775 /* NavigationRouter.swift */,
			);
			path = Navigation;
			sourceTree = "<group>";
		};
		26F3560F2D9567F100496DAF /* Helpers */ = {
			isa = PBXGroup;
			children = (
				265607832DF5E2FD00D43036 /* PerformanceLogger.swift */,
				260F45B32DB98F4A00927AE9 /* Logging.swift */,
				260F45B12DB98AC400927AE9 /* Data+Extensions.swift */,
				26F3560D2D95675600496DAF /* Constants.swift */,
				26F356102D95680F00496DAF /* Settings.swift */,
			);
			path = Helpers;
			sourceTree = "<group>";
		};
/* End PBXGroup section */

/* Begin PBXNativeTarget section */
		2677AF6D2D747BF400A64065 /* P2PChat */ = {
			isa = PBXNativeTarget;
			buildConfigurationList = 2677AF7C2D747BF600A64065 /* Build configuration list for PBXNativeTarget "P2PChat" */;
			buildPhases = (
				2677AF6A2D747BF400A64065 /* Sources */,
				2677AF6B2D747BF400A64065 /* Frameworks */,
				2677AF6C2D747BF400A64065 /* Resources */,
			);
			buildRules = (
			);
			dependencies = (
			);
			name = P2PChat;
			packageProductDependencies = (
				26482DDC2D92D6F30059019C /* P2PKit */,
				264E97DC2E1545DE00CA8AF1 /* Logging */,
			);
			productName = P2PChat;
			productReference = 2677AF6E2D747BF500A64065 /* P2PChat.app */;
			productType = "com.apple.product-type.application";
		};
/* End PBXNativeTarget section */

/* Begin PBXProject section */
		2677AF662D747BF400A64065 /* Project object */ = {
			isa = PBXProject;
			attributes = {
				BuildIndependentTargetsInParallel = 1;
				LastSwiftUpdateCheck = 1620;
				LastUpgradeCheck = 1630;
				TargetAttributes = {
					2677AF6D2D747BF400A64065 = {
						CreatedOnToolsVersion = 16.2;
					};
				};
			};
			buildConfigurationList = 2677AF692D747BF400A64065 /* Build configuration list for PBXProject "P2PChat" */;
			developmentRegion = en;
			hasScannedForEncodings = 0;
			knownRegions = (
				en,
				Base,
			);
			mainGroup = 2677AF652D747BF400A64065;
			minimizedProjectReferenceProxies = 1;
			packageReferences = (
				264E97DB2E1545DE00CA8AF1 /* XCRemoteSwiftPackageReference "swift-log" */,
			);
			preferredProjectObjectVersion = 77;
			productRefGroup = 2677AF6F2D747BF500A64065 /* Products */;
			projectDirPath = "";
			projectRoot = "";
			targets = (
				2677AF6D2D747BF400A64065 /* P2PChat */,
			);
		};
/* End PBXProject section */

/* Begin PBXResourcesBuildPhase section */
		2677AF6C2D747BF400A64065 /* Resources */ = {
			isa = PBXResourcesBuildPhase;
			buildActionMask = 2147483647;
			files = (
				266192672D7B2B8C00CFC6D7 /* Preview Assets.xcassets in Resources */,
				266192682D7B2B8C00CFC6D7 /* Assets.xcassets in Resources */,
			);
			runOnlyForDeploymentPostprocessing = 0;
		};
/* End PBXResourcesBuildPhase section */

/* Begin PBXSourcesBuildPhase section */
		2677AF6A2D747BF400A64065 /* Sources */ = {
			isa = PBXSourcesBuildPhase;
			buildActionMask = 2147483647;
			files = (
				266192762D7B422A00CFC6D7 /* ChatMessage.swift in Sources */,
				26F356092D9565F800496DAF /* NameOnboardingView.swift in Sources */,
				266328862D94B352008A3F55 /* PeerAdvertisingView.swift in Sources */,
				266328842D94B327008A3F55 /* PeerPickerView.swift in Sources */,
				260F45BB2DB9990E00927AE9 /* ChatMessageComposerView.swift in Sources */,
				26F356112D95680F00496DAF /* Settings.swift in Sources */,
				26F3560B2D9565FF00496DAF /* NavigationDestination.swift in Sources */,
				2661927B2D7B45BF00CFC6D7 /* ServicePickerView.swift in Sources */,
				268CF7872DC130D80026BC2E /* ChatNavigationLink.swift in Sources */,
				260F45B42DB98F4A00927AE9 /* Logging.swift in Sources */,
				264D71FE2DB1969700E5E771 /* ChatsListView.swift in Sources */,
				266192782D7B429100CFC6D7 /* ChatView.swift in Sources */,
				26C6BB382DB2E8B0000E5377 /* ChatMessageImage.swift in Sources */,
				26F3560E2D95675600496DAF /* Constants.swift in Sources */,
				265607842DF5E30100D43036 /* PerformanceLogger.swift in Sources */,
				260F45B22DB98AC400927AE9 /* Data+Extensions.swift in Sources */,
				266192742D7B40A100CFC6D7 /* ChatMessageHandler.swift in Sources */,
				26CFD19B2D8F028F00C37775 /* NavigationRouter.swift in Sources */,
				268CF7892DC135BE0026BC2E /* ChatViewPreview.swift in Sources */,
				260F45B82DB998C800927AE9 /* ChatMessageCellView.swift in Sources */,
				26CFD1992D8F023600C37775 /* PeerDiscoveryView.swift in Sources */,
				26482DDF2D92DED60059019C /* AsyncButton.swift in Sources */,
				266192662D7B2B8C00CFC6D7 /* P2PChatApp.swift in Sources */,
			);
			runOnlyForDeploymentPostprocessing = 0;
		};
/* End PBXSourcesBuildPhase section */

/* Begin XCBuildConfiguration section */
		2677AF7A2D747BF600A64065 /* Debug */ = {
			isa = XCBuildConfiguration;
			buildSettings = {
				ALWAYS_SEARCH_USER_PATHS = NO;
				ASSETCATALOG_COMPILER_GENERATE_SWIFT_ASSET_SYMBOL_EXTENSIONS = YES;
				CLANG_ANALYZER_NONNULL = YES;
				CLANG_ANALYZER_NUMBER_OBJECT_CONVERSION = YES_AGGRESSIVE;
				CLANG_CXX_LANGUAGE_STANDARD = "gnu++20";
				CLANG_ENABLE_MODULES = YES;
				CLANG_ENABLE_OBJC_ARC = YES;
				CLANG_ENABLE_OBJC_WEAK = YES;
				CLANG_WARN_BLOCK_CAPTURE_AUTORELEASING = YES;
				CLANG_WARN_BOOL_CONVERSION = YES;
				CLANG_WARN_COMMA = YES;
				CLANG_WARN_CONSTANT_CONVERSION = YES;
				CLANG_WARN_DEPRECATED_OBJC_IMPLEMENTATIONS = YES;
				CLANG_WARN_DIRECT_OBJC_ISA_USAGE = YES_ERROR;
				CLANG_WARN_DOCUMENTATION_COMMENTS = YES;
				CLANG_WARN_EMPTY_BODY = YES;
				CLANG_WARN_ENUM_CONVERSION = YES;
				CLANG_WARN_INFINITE_RECURSION = YES;
				CLANG_WARN_INT_CONVERSION = YES;
				CLANG_WARN_NON_LITERAL_NULL_CONVERSION = YES;
				CLANG_WARN_OBJC_IMPLICIT_RETAIN_SELF = YES;
				CLANG_WARN_OBJC_LITERAL_CONVERSION = YES;
				CLANG_WARN_OBJC_ROOT_CLASS = YES_ERROR;
				CLANG_WARN_QUOTED_INCLUDE_IN_FRAMEWORK_HEADER = YES;
				CLANG_WARN_RANGE_LOOP_ANALYSIS = YES;
				CLANG_WARN_STRICT_PROTOTYPES = YES;
				CLANG_WARN_SUSPICIOUS_MOVE = YES;
				CLANG_WARN_UNGUARDED_AVAILABILITY = YES_AGGRESSIVE;
				CLANG_WARN_UNREACHABLE_CODE = YES;
				CLANG_WARN__DUPLICATE_METHOD_MATCH = YES;
				COPY_PHASE_STRIP = NO;
				DEBUG_INFORMATION_FORMAT = dwarf;
				DEVELOPMENT_TEAM = FMYBNSCQ2F;
				ENABLE_STRICT_OBJC_MSGSEND = YES;
				ENABLE_TESTABILITY = YES;
				ENABLE_USER_SCRIPT_SANDBOXING = YES;
				GCC_C_LANGUAGE_STANDARD = gnu17;
				GCC_DYNAMIC_NO_PIC = NO;
				GCC_NO_COMMON_BLOCKS = YES;
				GCC_OPTIMIZATION_LEVEL = 0;
				GCC_PREPROCESSOR_DEFINITIONS = (
					"DEBUG=1",
					"$(inherited)",
				);
				GCC_WARN_64_TO_32_BIT_CONVERSION = YES;
				GCC_WARN_ABOUT_RETURN_TYPE = YES_ERROR;
				GCC_WARN_UNDECLARED_SELECTOR = YES;
				GCC_WARN_UNINITIALIZED_AUTOS = YES_AGGRESSIVE;
				GCC_WARN_UNUSED_FUNCTION = YES;
				GCC_WARN_UNUSED_VARIABLE = YES;
				IPHONEOS_DEPLOYMENT_TARGET = 18.2;
				LOCALIZATION_PREFERS_STRING_CATALOGS = YES;
				MTL_ENABLE_DEBUG_INFO = INCLUDE_SOURCE;
				MTL_FAST_MATH = YES;
				ONLY_ACTIVE_ARCH = YES;
				SDKROOT = iphoneos;
				SWIFT_ACTIVE_COMPILATION_CONDITIONS = "DEBUG $(inherited)";
				SWIFT_OPTIMIZATION_LEVEL = "-Onone";
			};
			name = Debug;
		};
		2677AF7B2D747BF600A64065 /* Release */ = {
			isa = XCBuildConfiguration;
			buildSettings = {
				ALWAYS_SEARCH_USER_PATHS = NO;
				ASSETCATALOG_COMPILER_GENERATE_SWIFT_ASSET_SYMBOL_EXTENSIONS = YES;
				CLANG_ANALYZER_NONNULL = YES;
				CLANG_ANALYZER_NUMBER_OBJECT_CONVERSION = YES_AGGRESSIVE;
				CLANG_CXX_LANGUAGE_STANDARD = "gnu++20";
				CLANG_ENABLE_MODULES = YES;
				CLANG_ENABLE_OBJC_ARC = YES;
				CLANG_ENABLE_OBJC_WEAK = YES;
				CLANG_WARN_BLOCK_CAPTURE_AUTORELEASING = YES;
				CLANG_WARN_BOOL_CONVERSION = YES;
				CLANG_WARN_COMMA = YES;
				CLANG_WARN_CONSTANT_CONVERSION = YES;
				CLANG_WARN_DEPRECATED_OBJC_IMPLEMENTATIONS = YES;
				CLANG_WARN_DIRECT_OBJC_ISA_USAGE = YES_ERROR;
				CLANG_WARN_DOCUMENTATION_COMMENTS = YES;
				CLANG_WARN_EMPTY_BODY = YES;
				CLANG_WARN_ENUM_CONVERSION = YES;
				CLANG_WARN_INFINITE_RECURSION = YES;
				CLANG_WARN_INT_CONVERSION = YES;
				CLANG_WARN_NON_LITERAL_NULL_CONVERSION = YES;
				CLANG_WARN_OBJC_IMPLICIT_RETAIN_SELF = YES;
				CLANG_WARN_OBJC_LITERAL_CONVERSION = YES;
				CLANG_WARN_OBJC_ROOT_CLASS = YES_ERROR;
				CLANG_WARN_QUOTED_INCLUDE_IN_FRAMEWORK_HEADER = YES;
				CLANG_WARN_RANGE_LOOP_ANALYSIS = YES;
				CLANG_WARN_STRICT_PROTOTYPES = YES;
				CLANG_WARN_SUSPICIOUS_MOVE = YES;
				CLANG_WARN_UNGUARDED_AVAILABILITY = YES_AGGRESSIVE;
				CLANG_WARN_UNREACHABLE_CODE = YES;
				CLANG_WARN__DUPLICATE_METHOD_MATCH = YES;
				COPY_PHASE_STRIP = NO;
				DEBUG_INFORMATION_FORMAT = "dwarf-with-dsym";
				DEVELOPMENT_TEAM = FMYBNSCQ2F;
				ENABLE_NS_ASSERTIONS = NO;
				ENABLE_STRICT_OBJC_MSGSEND = YES;
				ENABLE_USER_SCRIPT_SANDBOXING = YES;
				GCC_C_LANGUAGE_STANDARD = gnu17;
				GCC_NO_COMMON_BLOCKS = YES;
				GCC_WARN_64_TO_32_BIT_CONVERSION = YES;
				GCC_WARN_ABOUT_RETURN_TYPE = YES_ERROR;
				GCC_WARN_UNDECLARED_SELECTOR = YES;
				GCC_WARN_UNINITIALIZED_AUTOS = YES_AGGRESSIVE;
				GCC_WARN_UNUSED_FUNCTION = YES;
				GCC_WARN_UNUSED_VARIABLE = YES;
				IPHONEOS_DEPLOYMENT_TARGET = 18.2;
				LOCALIZATION_PREFERS_STRING_CATALOGS = YES;
				MTL_ENABLE_DEBUG_INFO = NO;
				MTL_FAST_MATH = YES;
				SDKROOT = iphoneos;
				SWIFT_COMPILATION_MODE = wholemodule;
				VALIDATE_PRODUCT = YES;
			};
			name = Release;
		};
		2677AF7D2D747BF600A64065 /* Debug */ = {
			isa = XCBuildConfiguration;
			buildSettings = {
				ASSETCATALOG_COMPILER_APPICON_NAME = AppIcon;
				ASSETCATALOG_COMPILER_GLOBAL_ACCENT_COLOR_NAME = AccentColor;
				CODE_SIGN_ENTITLEMENTS = P2PChat/P2PChat.entitlements;
				CODE_SIGN_STYLE = Automatic;
				CURRENT_PROJECT_VERSION = 1;
				DEVELOPMENT_ASSET_PATHS = "\"P2PChat/Preview Content\"";
				ENABLE_PREVIEWS = YES;
				GENERATE_INFOPLIST_FILE = YES;
				INFOPLIST_FILE = P2PChat/Info.plist;
				INFOPLIST_KEY_NSBluetoothAlwaysUsageDescription = "P2PChat needs to access bluetooth to discover nearby peers to chat with";
				INFOPLIST_KEY_NSBluetoothPeripheralUsageDescription = "P2PChat needs to access bluetooth to discover nearby peers to chat with";
				INFOPLIST_KEY_NSLocalNetworkUsageDescription = "P2PChat needs to access the local network to discover nearby peers to chat with";
				INFOPLIST_KEY_UIApplicationSceneManifest_Generation = YES;
				INFOPLIST_KEY_UIApplicationSupportsIndirectInputEvents = YES;
				INFOPLIST_KEY_UILaunchScreen_Generation = YES;
				INFOPLIST_KEY_UISupportedInterfaceOrientations_iPad = "UIInterfaceOrientationPortrait UIInterfaceOrientationPortraitUpsideDown UIInterfaceOrientationLandscapeLeft UIInterfaceOrientationLandscapeRight";
				INFOPLIST_KEY_UISupportedInterfaceOrientations_iPhone = "UIInterfaceOrientationPortrait UIInterfaceOrientationLandscapeLeft UIInterfaceOrientationLandscapeRight";
				IPHONEOS_DEPLOYMENT_TARGET = 17.0;
				LD_RUNPATH_SEARCH_PATHS = (
					"$(inherited)",
					"@executable_path/Frameworks",
				);
				MACOSX_DEPLOYMENT_TARGET = 14.0;
				MARKETING_VERSION = 1.0.0;
				PRODUCT_BUNDLE_IDENTIFIER = dev.panhans.P2PChat;
				PRODUCT_NAME = "$(TARGET_NAME)";
				REGISTER_APP_GROUPS = YES;
				SUPPORTED_PLATFORMS = "iphoneos iphonesimulator macosx xros xrsimulator";
				SUPPORTS_MACCATALYST = NO;
				SUPPORTS_MAC_DESIGNED_FOR_IPHONE_IPAD = NO;
				SUPPORTS_XR_DESIGNED_FOR_IPHONE_IPAD = NO;
				SWIFT_EMIT_LOC_STRINGS = YES;
				SWIFT_VERSION = 5.0;
				TARGETED_DEVICE_FAMILY = "1,2,7";
				XROS_DEPLOYMENT_TARGET = 1.0;
			};
			name = Debug;
		};
		2677AF7E2D747BF600A64065 /* Release */ = {
			isa = XCBuildConfiguration;
			buildSettings = {
				ASSETCATALOG_COMPILER_APPICON_NAME = AppIcon;
				ASSETCATALOG_COMPILER_GLOBAL_ACCENT_COLOR_NAME = AccentColor;
				CODE_SIGN_ENTITLEMENTS = P2PChat/P2PChat.entitlements;
				CODE_SIGN_STYLE = Automatic;
				CURRENT_PROJECT_VERSION = 1;
				DEVELOPMENT_ASSET_PATHS = "\"P2PChat/Preview Content\"";
				ENABLE_PREVIEWS = YES;
				GENERATE_INFOPLIST_FILE = YES;
				INFOPLIST_FILE = P2PChat/Info.plist;
				INFOPLIST_KEY_NSBluetoothAlwaysUsageDescription = "P2PChat needs to access bluetooth to discover nearby peers to chat with";
				INFOPLIST_KEY_NSBluetoothPeripheralUsageDescription = "P2PChat needs to access bluetooth to discover nearby peers to chat with";
				INFOPLIST_KEY_NSLocalNetworkUsageDescription = "P2PChat needs to access the local network to discover nearby peers to chat with";
				INFOPLIST_KEY_UIApplicationSceneManifest_Generation = YES;
				INFOPLIST_KEY_UIApplicationSupportsIndirectInputEvents = YES;
				INFOPLIST_KEY_UILaunchScreen_Generation = YES;
				INFOPLIST_KEY_UISupportedInterfaceOrientations_iPad = "UIInterfaceOrientationPortrait UIInterfaceOrientationPortraitUpsideDown UIInterfaceOrientationLandscapeLeft UIInterfaceOrientationLandscapeRight";
				INFOPLIST_KEY_UISupportedInterfaceOrientations_iPhone = "UIInterfaceOrientationPortrait UIInterfaceOrientationLandscapeLeft UIInterfaceOrientationLandscapeRight";
				IPHONEOS_DEPLOYMENT_TARGET = 17.0;
				LD_RUNPATH_SEARCH_PATHS = (
					"$(inherited)",
					"@executable_path/Frameworks",
				);
				MACOSX_DEPLOYMENT_TARGET = 14.0;
				MARKETING_VERSION = 1.0.0;
				PRODUCT_BUNDLE_IDENTIFIER = dev.panhans.P2PChat;
				PRODUCT_NAME = "$(TARGET_NAME)";
				REGISTER_APP_GROUPS = YES;
				SUPPORTED_PLATFORMS = "iphoneos iphonesimulator macosx xros xrsimulator";
				SUPPORTS_MACCATALYST = NO;
				SUPPORTS_MAC_DESIGNED_FOR_IPHONE_IPAD = NO;
				SUPPORTS_XR_DESIGNED_FOR_IPHONE_IPAD = NO;
				SWIFT_EMIT_LOC_STRINGS = YES;
				SWIFT_VERSION = 5.0;
				TARGETED_DEVICE_FAMILY = "1,2,7";
				XROS_DEPLOYMENT_TARGET = 1.0;
			};
			name = Release;
		};
/* End XCBuildConfiguration section */

/* Begin XCConfigurationList section */
		2677AF692D747BF400A64065 /* Build configuration list for PBXProject "P2PChat" */ = {
			isa = XCConfigurationList;
			buildConfigurations = (
				2677AF7A2D747BF600A64065 /* Debug */,
				2677AF7B2D747BF600A64065 /* Release */,
			);
			defaultConfigurationIsVisible = 0;
			defaultConfigurationName = Release;
		};
		2677AF7C2D747BF600A64065 /* Build configuration list for PBXNativeTarget "P2PChat" */ = {
			isa = XCConfigurationList;
			buildConfigurations = (
				2677AF7D2D747BF600A64065 /* Debug */,
				2677AF7E2D747BF600A64065 /* Release */,
			);
			defaultConfigurationIsVisible = 0;
			defaultConfigurationName = Release;
		};
/* End XCConfigurationList section */

/* Begin XCRemoteSwiftPackageReference section */
		264E97DB2E1545DE00CA8AF1 /* XCRemoteSwiftPackageReference "swift-log" */ = {
			isa = XCRemoteSwiftPackageReference;
			repositoryURL = "https://github.com/apple/swift-log";
			requirement = {
				kind = upToNextMajorVersion;
				minimumVersion = 1.6.3;
			};
		};
/* End XCRemoteSwiftPackageReference section */

/* Begin XCSwiftPackageProductDependency section */
		26482DDC2D92D6F30059019C /* P2PKit */ = {
			isa = XCSwiftPackageProductDependency;
			productName = P2PKit;
		};
		264E97DC2E1545DE00CA8AF1 /* Logging */ = {
			isa = XCSwiftPackageProductDependency;
			package = 264E97DB2E1545DE00CA8AF1 /* XCRemoteSwiftPackageReference "swift-log" */;
			productName = Logging;
		};
/* End XCSwiftPackageProductDependency section */
	};
	rootObject = 2677AF662D747BF400A64065 /* Project object */;
}
